
Microsoft Visual Studio Solution File, Format Version 12.00
# Visual Studio Version 17
VisualStudioVersion = 17.12.35527.113
MinimumVisualStudioVersion = 10.0.40219.1
Project("{FAE04EC0-301F-11D3-BF4B-00C04F79EFBC}") = "Cs", "Cs.csproj", "{65D919FC-4D9F-41CD-89E4-99A0A8D763C4}"
EndProject
Project("{2150E333-8FDC-42A3-9474-1A3956D46DE8}") = "Array", "Array", "{A3550AE3-C108-4D00-AA2F-3F0560A93117}"
	ProjectSection(SolutionItems) = preProject
		2-D_Ary.cs = 2-D_Ary.cs
		2-D_Ary.exe = 2-D_Ary.exe
		2DAryAddition.cs = 2DAryAddition.cs
		2DAryAddition.exe = 2DAryAddition.exe
		2DAryLoop.cs = 2DAryLoop.cs
		2DAryLoop.exe = 2DAryLoop.exe
		array.cs = array.cs
		array.exe = array.exe
		ArrayAvg.cs = ArrayAvg.cs
		ArrayAvg.exe = ArrayAvg.exe
		ArrayLoop.cs = ArrayLoop.cs
		arrayloop.exe = arrayloop.exe
		AryMethods.cs = AryMethods.cs
		AryMethods.exe = AryMethods.exe
	EndProjectSection
EndProject
Global
	GlobalSection(SolutionConfigurationPlatforms) = preSolution
		Debug|Any CPU = Debug|Any CPU
		Release|Any CPU = Release|Any CPU
	EndGlobalSection
	GlobalSection(ProjectConfigurationPlatforms) = postSolution
		{65D919FC-4D9F-41CD-89E4-99A0A8D763C4}.Debug|Any CPU.ActiveCfg = Debug|Any CPU
		{65D919FC-4D9F-41CD-89E4-99A0A8D763C4}.Debug|Any CPU.Build.0 = Debug|Any CPU
		{65D919FC-4D9F-41CD-89E4-99A0A8D763C4}.Release|Any CPU.ActiveCfg = Release|Any CPU
		{65D919FC-4D9F-41CD-89E4-99A0A8D763C4}.Release|Any CPU.Build.0 = Release|Any CPU
	EndGlobalSection
	GlobalSection(SolutionProperties) = preSolution
		HideSolutionNode = FALSE
	EndGlobalSection
EndGlobal
